
Microsoft Visual Studio Solution File, Format Version 12.00
# Visual Studio Version 17
VisualStudioVersion = 17.13.35931.197 d17.13
MinimumVisualStudioVersion = 10.0.40219.1
Project("{FAE04EC0-301F-11D3-BF4B-00C04F79EFBC}") = "lista3ex9", "lista3ex9\lista3ex9.csproj", "{5EF6C052-C41A-4662-8342-A722E32A79FE}"
EndProject
Global
	GlobalSection(SolutionConfigurationPlatforms) = preSolution
		Debug|Any CPU = Debug|Any CPU
		Release|Any CPU = Release|Any CPU
	EndGlobalSection
	GlobalSection(ProjectConfigurationPlatforms) = postSolution
		{5EF6C052-C41A-4662-8342-A722E32A79FE}.Debug|Any CPU.ActiveCfg = Debug|Any CPU
		{5EF6C052-C41A-4662-8342-A722E32A79FE}.Debug|Any CPU.Build.0 = Debug|Any CPU
		{5EF6C052-C41A-4662-8342-A722E32A79FE}.Release|Any CPU.ActiveCfg = Release|Any CPU
		{5EF6C052-C41A-4662-8342-A722E32A79FE}.Release|Any CPU.Build.0 = Release|Any CPU
	EndGlobalSection
	GlobalSection(SolutionProperties) = preSolution
		HideSolutionNode = FALSE
	EndGlobalSection
	GlobalSection(ExtensibilityGlobals) = postSolution
		SolutionGuid = {54390C90-3C86-4A2D-B045-D81A2B9109F6}
	EndGlobalSection
EndGlobal
