
Microsoft Visual Studio Solution File, Format Version 12.00
# Visual Studio Version 17
VisualStudioVersion = 17.13.35931.197 d17.13
MinimumVisualStudioVersion = 10.0.40219.1
Project("{FAE04EC0-301F-11D3-BF4B-00C04F79EFBC}") = "lista3ex6", "lista3ex6\lista3ex6.csproj", "{CAFAA49B-3944-4D5F-B4D7-D3193F17E724}"
EndProject
Global
	GlobalSection(SolutionConfigurationPlatforms) = preSolution
		Debug|Any CPU = Debug|Any CPU
		Release|Any CPU = Release|Any CPU
	EndGlobalSection
	GlobalSection(ProjectConfigurationPlatforms) = postSolution
		{CAFAA49B-3944-4D5F-B4D7-D3193F17E724}.Debug|Any CPU.ActiveCfg = Debug|Any CPU
		{CAFAA49B-3944-4D5F-B4D7-D3193F17E724}.Debug|Any CPU.Build.0 = Debug|Any CPU
		{CAFAA49B-3944-4D5F-B4D7-D3193F17E724}.Release|Any CPU.ActiveCfg = Release|Any CPU
		{CAFAA49B-3944-4D5F-B4D7-D3193F17E724}.Release|Any CPU.Build.0 = Release|Any CPU
	EndGlobalSection
	GlobalSection(SolutionProperties) = preSolution
		HideSolutionNode = FALSE
	EndGlobalSection
	GlobalSection(ExtensibilityGlobals) = postSolution
		SolutionGuid = {87495673-D99F-4D56-9F86-A69F24DA3DCC}
	EndGlobalSection
EndGlobal
